
Microsoft Visual Studio Solution File, Format Version 12.00
# Visual Studio 15
VisualStudioVersion = 15.0.28307.1738
MinimumVisualStudioVersion = 10.0.40219.1
Project("{F14B399A-7131-4C87-9E4B-1186C45EF12D}") = "TaxReports", "StatementTemplateBDI\TaxReports.rptproj", "{135F45B1-3636-4E72-9141-778F7B0AB9E1}"
EndProject
Global
	GlobalSection(SolutionConfigurationPlatforms) = preSolution
		Debug|Default = Debug|Default
		DebugLocal|Default = DebugLocal|Default
		Release|Default = Release|Default
	EndGlobalSection
	GlobalSection(ProjectConfigurationPlatforms) = postSolution
		{135F45B1-3636-4E72-9141-778F7B0AB9E1}.Debug|Default.ActiveCfg = Debug
		{135F45B1-3636-4E72-9141-778F7B0AB9E1}.Debug|Default.Build.0 = Debug
		{135F45B1-3636-4E72-9141-778F7B0AB9E1}.Debug|Default.Deploy.0 = Debug
		{135F45B1-3636-4E72-9141-778F7B0AB9E1}.DebugLocal|Default.ActiveCfg = DebugLocal
		{135F45B1-3636-4E72-9141-778F7B0AB9E1}.DebugLocal|Default.Build.0 = DebugLocal
		{135F45B1-3636-4E72-9141-778F7B0AB9E1}.Release|Default.ActiveCfg = Release
		{135F45B1-3636-4E72-9141-778F7B0AB9E1}.Release|Default.Build.0 = Release
		{135F45B1-3636-4E72-9141-778F7B0AB9E1}.Release|Default.Deploy.0 = Release
	EndGlobalSection
	GlobalSection(SolutionProperties) = preSolution
		HideSolutionNode = FALSE
	EndGlobalSection
	GlobalSection(ExtensibilityGlobals) = postSolution
		SolutionGuid = {C6D27519-C37F-4381-9E1A-950A8A360841}
	EndGlobalSection
EndGlobal
